{
  "name": "kayle",
  "version": "1.0.0",
  "lockfileVersion": 3,
  "requires": true,
  "packages": {
    "": {
      "name": "kayle",
      "version": "1.0.0",
      "license": "ISC",
      "dependencies": {
        "kayle": "^0.6.3",
        "playwright-chromium": "^1.38.1"
      }
    },
    "node_modules/fast_axecore": {
      "version": "4.6.31",
      "resolved": "https://registry.npmjs.org/fast_axecore/-/fast_axecore-4.6.31.tgz",
      "integrity": "sha512-NKAMKHxbUTNS1r20XFM3N+BVeB25yiisW2iJorHNmFqN8qos8kBMWiGtPupvA5pyIauqWjXIpbf/6mhE6R9c1Q==",
      "engines": {
        "node": ">=4"
      }
    },
    "node_modules/fast_htmlcs": {
      "version": "0.0.66",
      "resolved": "https://registry.npmjs.org/fast_htmlcs/-/fast_htmlcs-0.0.66.tgz",
      "integrity": "sha512-R9r+cvTJ2M5pnDPTHlaKBCR7/JwBttXyv1yFiv9OQJsiu3g0nZZIf1jIPB8T7EDZvBPkHvIjDERlQ/g+ovOVvw==",
      "engines": {
        "node": ">=6"
      }
    },
    "node_modules/kayle": {
      "version": "0.6.3",
      "resolved": "https://registry.npmjs.org/kayle/-/kayle-0.6.3.tgz",
      "integrity": "sha512-yHsBT6OVFE0oolGxSkMkiNmkXeVY9UIc4RU3hDpV0n3HJ1HnHJlpOOW3ANdMSpvzoz/pjVWbbHvFmKyw/Nec1A==",
      "dependencies": {
        "fast_axecore": "4.6.31",
        "fast_htmlcs": "0.0.66",
        "kayle_innate": "0.0.16"
      }
    },
    "node_modules/kayle_innate": {
      "version": "0.0.16",
      "resolved": "https://registry.npmjs.org/kayle_innate/-/kayle_innate-0.0.16.tgz",
      "integrity": "sha512-9fI0PEMRaZHeyxmXK3LgWsCVcG9+5LoX/ftFBr0nlCToO+fDG8QMZqiG5xEmLeUqVbThBZveCuziTphWeJwRxQ=="
    },
    "node_modules/playwright-chromium": {
      "version": "1.38.1",
      "resolved": "https://registry.npmjs.org/playwright-chromium/-/playwright-chromium-1.38.1.tgz",
      "integrity": "sha512-97Y6+lN3yOETy/yPQK+LqSCBdldLu5Rkm+Tnj2oGQfcbC5P8R3eWund7GxWqiYFnq0GLwZZ8EnhiBShKnCiVjg==",
      "hasInstallScript": true,
      "dependencies": {
        "playwright-core": "1.38.1"
      },
      "bin": {
        "playwright": "cli.js"
      },
      "engines": {
        "node": ">=16"
      }
    },
    "node_modules/playwright-core": {
      "version": "1.38.1",
      "resolved": "https://registry.npmjs.org/playwright-core/-/playwright-core-1.38.1.tgz",
      "integrity": "sha512-tQqNFUKa3OfMf4b2jQ7aGLB8o9bS3bOY0yMEtldtC2+spf8QXG9zvXLTXUeRsoNuxEYMgLYR+NXfAa1rjKRcrg==",
      "bin": {
        "playwright-core": "cli.js"
      },
      "engines": {
        "node": ">=16"
      }
    }
  }
}
